PODS:
  - AFNetworking (4.0.1):
    - AFNetworking/NSURLSession (= 4.0.1)
    - AFNetworking/Reachability (= 4.0.1)
    - AFNetworking/Security (= 4.0.1)
    - AFNetworking/Serialization (= 4.0.1)
    - AFNetworking/UIKit (= 4.0.1)
  - AFNetworking/NSURLSession (4.0.1):
    - AFNetworking/Reachability
    - AFNetworking/Security
    - AFNetworking/Serialization
  - AFNetworking/Reachability (4.0.1)
  - AFNetworking/Security (4.0.1)
  - AFNetworking/Serialization (4.0.1)
  - AFNetworking/UIKit (4.0.1):
    - AFNetworking/NSURLSession
  - Zys2PodBBBBB (0.1.0)

DEPENDENCIES:
  - AFNetworking (~> 4.0.0)
  - "Zys2PodBBBBB (from `git@github.com:Zhangyanshen/Zys2PodBBBBB.git`, branch `master`)"

SPEC REPOS:
  trunk:
    - AFNetworking

EXTERNAL SOURCES:
  Zys2PodBBBBB:
    :branch: master
    :git: "git@github.com:Zhangyanshen/Zys2PodBBBBB.git"

SPEC CHECKSUMS:
  AFNetworking: 7864c38297c79aaca1500c33288e429c3451fdce
  Zys2PodBBBBB: 034d404a36b47f93aee9761f89e55411a1df17df

PODFILE CHECKSUM: b75207f5d376470d414f53b50f3c7f0b722e7157

COCOAPODS: 1.11.2
