// !$*UTF8*$!
{
	archiveVersion = 1;
	classes = {
	};
	objectVersion = 55;
	objects = {

/* Begin PBXBuildFile section */
		43065CE105C6FCEFE0893ADF /* libPods-MBoxDemo1.a in Frameworks */ = {isa = PBXBuildFile; fileRef = 3987E752BECF12AC6A51E360 /* libPods-MBoxDemo1.a */; };
		EEEEA03B2817EE5D00E2808A /* AppDelegate.swift in Sources */ = {isa = PBXBuildFile; fileRef = EEEEA03A2817EE5D00E2808A /* AppDelegate.swift */; };
		EEEEA03D2817EE5D00E2808A /* SceneDelegate.swift in Sources */ = {isa = PBXBuildFile; fileRef = EEEEA03C2817EE5D00E2808A /* SceneDelegate.swift */; };
		EEEEA03F2817EE5D00E2808A /* ViewController.swift in Sources */ = {isa = PBXBuildFile; fileRef = EEEEA03E2817EE5D00E2808A /* ViewController.swift */; };
		EEEEA0422817EE5D00E2808A /* Main.storyboard in Resources */ = {isa = PBXBuildFile; fileRef = EEEEA0402817EE5D00E2808A /* Main.storyboard */; };
		EEEEA0442817EE5F00E2808A /* Assets.xcassets in Resources */ = {isa = PBXBuildFile; fileRef = EEEEA0432817EE5F00E2808A /* Assets.xcassets */; };
		EEEEA0472817EE5F00E2808A /* LaunchScreen.storyboard in Resources */ = {isa = PBXBuildFile; fileRef = EEEEA0452817EE5F00E2808A /* LaunchScreen.storyboard */; };
/* End PBXBuildFile section */

/* Begin PBXFileReference section */
		3987E752BECF12AC6A51E360 /* libPods-MBoxDemo1.a */ = {isa = PBXFileReference; explicitFileType = archive.ar; includeInIndex = 0; path = "libPods-MBoxDemo1.a"; sourceTree = BUILT_PRODUCTS_DIR; };
		6A141D90A907573299EBEA1E /* Pods-MBoxDemo1.debug.xcconfig */ = {isa = PBXFileReference; includeInIndex = 1; lastKnownFileType = text.xcconfig; name = "Pods-MBoxDemo1.debug.xcconfig"; path = "Target Support Files/Pods-MBoxDemo1/Pods-MBoxDemo1.debug.xcconfig"; sourceTree = "<group>"; };
		D9B7E503FBA18C3AC4D505A0 /* Pods-MBoxDemo1.release.xcconfig */ = {isa = PBXFileReference; includeInIndex = 1; lastKnownFileType = text.xcconfig; name = "Pods-MBoxDemo1.release.xcconfig"; path = "Target Support Files/Pods-MBoxDemo1/Pods-MBoxDemo1.release.xcconfig"; sourceTree = "<group>"; };
		EEEEA0372817EE5D00E2808A /* MBoxDemo1.app */ = {isa = PBXFileReference; explicitFileType = wrapper.application; includeInIndex = 0; path = MBoxDemo1.app; sourceTree = BUILT_PRODUCTS_DIR; };
		EEEEA03A2817EE5D00E2808A /* AppDelegate.swift */ = {isa = PBXFileReference; lastKnownFileType = sourcecode.swift; path = AppDelegate.swift; sourceTree = "<group>"; };
		EEEEA03C2817EE5D00E2808A /* SceneDelegate.swift */ = {isa = PBXFileReference; lastKnownFileType = sourcecode.swift; path = SceneDelegate.swift; sourceTree = "<group>"; };
		EEEEA03E2817EE5D00E2808A /* ViewController.swift */ = {isa = PBXFileReference; lastKnownFileType = sourcecode.swift; path = ViewController.swift; sourceTree = "<group>"; };
		EEEEA0412817EE5D00E2808A /* Base */ = {isa = PBXFileReference; lastKnownFileType = file.storyboard; name = Base; path = Base.lproj/Main.storyboard; sourceTree = "<group>"; };
		EEEEA0432817EE5F00E2808A /* Assets.xcassets */ = {isa = PBXFileReference; lastKnownFileType = folder.assetcatalog; path = Assets.xcassets; sourceTree = "<group>"; };
		EEEEA0462817EE5F00E2808A /* Base */ = {isa = PBXFileReference; lastKnownFileType = file.storyboard; name = Base; path = Base.lproj/LaunchScreen.storyboard; sourceTree = "<group>"; };
		EEEEA0482817EE5F00E2808A /* Info.plist */ = {isa = PBXFileReference; lastKnownFileType = text.plist.xml; path = Info.plist; sourceTree = "<group>"; };
/* End PBXFileReference section */

/* Begin PBXFrameworksBuildPhase section */
		EEEEA0342817EE5D00E2808A /* Frameworks */ = {
			isa = PBXFrameworksBuildPhase;
			buildActionMask = 2147483647;
			files = (
				43065CE105C6FCEFE0893ADF /* libPods-MBoxDemo1.a in Frameworks */,
			);
			runOnlyForDeploymentPostprocessing = 0;
		};
/* End PBXFrameworksBuildPhase section */

/* Begin PBXGroup section */
		49C314488D74D0BC9489057A /* Pods */ = {
			isa = PBXGroup;
			children = (
				6A141D90A907573299EBEA1E /* Pods-MBoxDemo1.debug.xcconfig */,
				D9B7E503FBA18C3AC4D505A0 /* Pods-MBoxDemo1.release.xcconfig */,
			);
			name = Pods;
			path = Pods;
			sourceTree = "<group>";
		};
		89A64C3B9E91C7CD8160D9A6 /* Frameworks */ = {
			isa = PBXGroup;
			children = (
				3987E752BECF12AC6A51E360 /* libPods-MBoxDemo1.a */,
			);
			name = Frameworks;
			sourceTree = "<group>";
		};
		EEEEA02E2817EE5D00E2808A = {
			isa = PBXGroup;
			children = (
				EEEEA0392817EE5D00E2808A /* MBoxDemo1 */,
				EEEEA0382817EE5D00E2808A /* Products */,
				49C314488D74D0BC9489057A /* Pods */,
				89A64C3B9E91C7CD8160D9A6 /* Frameworks */,
			);
			sourceTree = "<group>";
		};
		EEEEA0382817EE5D00E2808A /* Products */ = {
			isa = PBXGroup;
			children = (
				EEEEA0372817EE5D00E2808A /* MBoxDemo1.app */,
			);
			name = Products;
			sourceTree = "<group>";
		};
		EEEEA0392817EE5D00E2808A /* MBoxDemo1 */ = {
			isa = PBXGroup;
			children = (
				EEEEA03A2817EE5D00E2808A /* AppDelegate.swift */,
				EEEEA03C2817EE5D00E2808A /* SceneDelegate.swift */,
				EEEEA03E2817EE5D00E2808A /* ViewController.swift */,
				EEEEA0402817EE5D00E2808A /* Main.storyboard */,
				EEEEA0432817EE5F00E2808A /* Assets.xcassets */,
				EEEEA0452817EE5F00E2808A /* LaunchScreen.storyboard */,
				EEEEA0482817EE5F00E2808A /* Info.plist */,
			);
			path = MBoxDemo1;
			sourceTree = "<group>";
		};
/* End PBXGroup section */

/* Begin PBXNativeTarget section */
		EEEEA0362817EE5D00E2808A /* MBoxDemo1 */ = {
			isa = PBXNativeTarget;
			buildConfigurationList = EEEEA04B2817EE5F00E2808A /* Build configuration list for PBXNativeTarget "MBoxDemo1" */;
			buildPhases = (
				BF80002B0200105679E9D48E /* [CP] Check Pods Manifest.lock */,
				EEEEA0332817EE5D00E2808A /* Sources */,
				EEEEA0342817EE5D00E2808A /* Frameworks */,
				EEEEA0352817EE5D00E2808A /* Resources */,
			);
			buildRules = (
			);
			dependencies = (
			);
			name = MBoxDemo1;
			productName = MBoxDemo1;
			productReference = EEEEA0372817EE5D00E2808A /* MBoxDemo1.app */;
			productType = "com.apple.product-type.application";
		};
/* End PBXNativeTarget section */

/* Begin PBXProject section */
		EEEEA02F2817EE5D00E2808A /* Project object */ = {
			isa = PBXProject;
			attributes = {
				BuildIndependentTargetsInParallel = 1;
				LastSwiftUpdateCheck = 1320;
				LastUpgradeCheck = 1320;
				TargetAttributes = {
					EEEEA0362817EE5D00E2808A = {
						CreatedOnToolsVersion = 13.2.1;
					};
				};
			};
			buildConfigurationList = EEEEA0322817EE5D00E2808A /* Build configuration list for PBXProject "MBoxDemo1" */;
			compatibilityVersion = "Xcode 13.0";
			developmentRegion = en;
			hasScannedForEncodings = 0;
			knownRegions = (
				en,
				Base,
			);
			mainGroup = EEEEA02E2817EE5D00E2808A;
			productRefGroup = EEEEA0382817EE5D00E2808A /* Products */;
			projectDirPath = "";
			projectRoot = "";
			targets = (
				EEEEA0362817EE5D00E2808A /* MBoxDemo1 */,
			);
		};
/* End PBXProject section */

/* Begin PBXResourcesBuildPhase section */
		EEEEA0352817EE5D00E2808A /* Resources */ = {
			isa = PBXResourcesBuildPhase;
			buildActionMask = 2147483647;
			files = (
				EEEEA0472817EE5F00E2808A /* LaunchScreen.storyboard in Resources */,
				EEEEA0442817EE5F00E2808A /* Assets.xcassets in Resources */,
				EEEEA0422817EE5D00E2808A /* Main.storyboard in Resources */,
			);
			runOnlyForDeploymentPostprocessing = 0;
		};
/* End PBXResourcesBuildPhase section */

/* Begin PBXShellScriptBuildPhase section */
		BF80002B0200105679E9D48E /* [CP] Check Pods Manifest.lock */ = {
			isa = PBXShellScriptBuildPhase;
			buildActionMask = 2147483647;
			files = (
			);
			inputFileListPaths = (
			);
			inputPaths = (
				"${PODS_PODFILE_DIR_PATH}/Podfile.lock",
				"${PODS_ROOT}/Manifest.lock",
			);
			name = "[CP] Check Pods Manifest.lock";
			outputFileListPaths = (
			);
			outputPaths = (
				"$(DERIVED_FILE_DIR)/Pods-MBoxDemo1-checkManifestLockResult.txt",
			);
			runOnlyForDeploymentPostprocessing = 0;
			shellPath = /bin/sh;
			shellScript = "diff \"${PODS_PODFILE_DIR_PATH}/Podfile.lock\" \"${PODS_ROOT}/Manifest.lock\" > /dev/null\nif [ $? != 0 ] ; then\n    # print error to STDERR\n    echo \"error: The sandbox is not in sync with the Podfile.lock. Run 'pod install' or update your CocoaPods installation.\" >&2\n    exit 1\nfi\n# This output is used by Xcode 'outputs' to avoid re-running this script phase.\necho \"SUCCESS\" > \"${SCRIPT_OUTPUT_FILE_0}\"\n";
			showEnvVarsInLog = 0;
		};
/* End PBXShellScriptBuildPhase section */

/* Begin PBXSourcesBuildPhase section */
		EEEEA0332817EE5D00E2808A /* Sources */ = {
			isa = PBXSourcesBuildPhase;
			buildActionMask = 2147483647;
			files = (
				EEEEA03F2817EE5D00E2808A /* ViewController.swift in Sources */,
				EEEEA03B2817EE5D00E2808A /* AppDelegate.swift in Sources */,
				EEEEA03D2817EE5D00E2808A /* SceneDelegate.swift in Sources */,
			);
			runOnlyForDeploymentPostprocessing = 0;
		};
/* End PBXSourcesBuildPhase section */

/* Begin PBXVariantGroup section */
		EEEEA0402817EE5D00E2808A /* Main.storyboard */ = {
			isa = PBXVariantGroup;
			children = (
				EEEEA0412817EE5D00E2808A /* Base */,
			);
			name = Main.storyboard;
			sourceTree = "<group>";
		};
		EEEEA0452817EE5F00E2808A /* LaunchScreen.storyboard */ = {
			isa = PBXVariantGroup;
			children = (
				EEEEA0462817EE5F00E2808A /* Base */,
			);
			name = LaunchScreen.storyboard;
			sourceTree = "<group>";
		};
/* End PBXVariantGroup section */

/* Begin XCBuildConfiguration section */
		EEEEA0492817EE5F00E2808A /* Debug */ = {
			isa = XCBuildConfiguration;
			buildSettings = {
				ALWAYS_SEARCH_USER_PATHS = NO;
				CLANG_ANALYZER_NONNULL = YES;
				CLANG_ANALYZER_NUMBER_OBJECT_CONVERSION = YES_AGGRESSIVE;
				CLANG_CXX_LANGUAGE_STANDARD = "gnu++17";
				CLANG_CXX_LIBRARY = "libc++";
				CLANG_ENABLE_MODULES = YES;
				CLANG_ENABLE_OBJC_ARC = YES;
				CLANG_ENABLE_OBJC_WEAK = YES;
				CLANG_WARN_BLOCK_CAPTURE_AUTORELEASING = YES;
				CLANG_WARN_BOOL_CONVERSION = YES;
				CLANG_WARN_COMMA = YES;
				CLANG_WARN_CONSTANT_CONVERSION = YES;
				CLANG_WARN_DEPRECATED_OBJC_IMPLEMENTATIONS = YES;
				CLANG_WARN_DIRECT_OBJC_ISA_USAGE = YES_ERROR;
				CLANG_WARN_DOCUMENTATION_COMMENTS = YES;
				CLANG_WARN_EMPTY_BODY = YES;
				CLANG_WARN_ENUM_CONVERSION = YES;
				CLANG_WARN_INFINITE_RECURSION = YES;
				CLANG_WARN_INT_CONVERSION = YES;
				CLANG_WARN_NON_LITERAL_NULL_CONVERSION = YES;
				CLANG_WARN_OBJC_IMPLICIT_RETAIN_SELF = YES;
				CLANG_WARN_OBJC_LITERAL_CONVERSION = YES;
				CLANG_WARN_OBJC_ROOT_CLASS = YES_ERROR;
				CLANG_WARN_QUOTED_INCLUDE_IN_FRAMEWORK_HEADER = YES;
				CLANG_WARN_RANGE_LOOP_ANALYSIS = YES;
				CLANG_WARN_STRICT_PROTOTYPES = YES;
				CLANG_WARN_SUSPICIOUS_MOVE = YES;
				CLANG_WARN_UNGUARDED_AVAILABILITY = YES_AGGRESSIVE;
				CLANG_WARN_UNREACHABLE_CODE = YES;
				CLANG_WARN__DUPLICATE_METHOD_MATCH = YES;
				COPY_PHASE_STRIP = NO;
				DEBUG_INFORMATION_FORMAT = dwarf;
				ENABLE_STRICT_OBJC_MSGSEND = YES;
				ENABLE_TESTABILITY = YES;
				GCC_C_LANGUAGE_STANDARD = gnu11;
				GCC_DYNAMIC_NO_PIC = NO;
				GCC_NO_COMMON_BLOCKS = YES;
				GCC_OPTIMIZATION_LEVEL = 0;
				GCC_PREPROCESSOR_DEFINITIONS = (
					"DEBUG=1",
					"$(inherited)",
				);
				GCC_WARN_64_TO_32_BIT_CONVERSION = YES;
				GCC_WARN_ABOUT_RETURN_TYPE = YES_ERROR;
				GCC_WARN_UNDECLARED_SELECTOR = YES;
				GCC_WARN_UNINITIALIZED_AUTOS = YES_AGGRESSIVE;
				GCC_WARN_UNUSED_FUNCTION = YES;
				GCC_WARN_UNUSED_VARIABLE = YES;
				IPHONEOS_DEPLOYMENT_TARGET = 15.2;
				MTL_ENABLE_DEBUG_INFO = INCLUDE_SOURCE;
				MTL_FAST_MATH = YES;
				ONLY_ACTIVE_ARCH = YES;
				SDKROOT = iphoneos;
				SWIFT_ACTIVE_COMPILATION_CONDITIONS = DEBUG;
				SWIFT_OPTIMIZATION_LEVEL = "-Onone";
			};
			name = Debug;
		};
		EEEEA04A2817EE5F00E2808A /* Release */ = {
			isa = XCBuildConfiguration;
			buildSettings = {
				ALWAYS_SEARCH_USER_PATHS = NO;
				CLANG_ANALYZER_NONNULL = YES;
				CLANG_ANALYZER_NUMBER_OBJECT_CONVERSION = YES_AGGRESSIVE;
				CLANG_CXX_LANGUAGE_STANDARD = "gnu++17";
				CLANG_CXX_LIBRARY = "libc++";
				CLANG_ENABLE_MODULES = YES;
				CLANG_ENABLE_OBJC_ARC = YES;
				CLANG_ENABLE_OBJC_WEAK = YES;
				CLANG_WARN_BLOCK_CAPTURE_AUTORELEASING = YES;
				CLANG_WARN_BOOL_CONVERSION = YES;
				CLANG_WARN_COMMA = YES;
				CLANG_WARN_CONSTANT_CONVERSION = YES;
				CLANG_WARN_DEPRECATED_OBJC_IMPLEMENTATIONS = YES;
				CLANG_WARN_DIRECT_OBJC_ISA_USAGE = YES_ERROR;
				CLANG_WARN_DOCUMENTATION_COMMENTS = YES;
				CLANG_WARN_EMPTY_BODY = YES;
				CLANG_WARN_ENUM_CONVERSION = YES;
				CLANG_WARN_INFINITE_RECURSION = YES;
				CLANG_WARN_INT_CONVERSION = YES;
				CLANG_WARN_NON_LITERAL_NULL_CONVERSION = YES;
				CLANG_WARN_OBJC_IMPLICIT_RETAIN_SELF = YES;
				CLANG_WARN_OBJC_LITERAL_CONVERSION = YES;
				CLANG_WARN_OBJC_ROOT_CLASS = YES_ERROR;
				CLANG_WARN_QUOTED_INCLUDE_IN_FRAMEWORK_HEADER = YES;
				CLANG_WARN_RANGE_LOOP_ANALYSIS = YES;
				CLANG_WARN_STRICT_PROTOTYPES = YES;
				CLANG_WARN_SUSPICIOUS_MOVE = YES;
				CLANG_WARN_UNGUARDED_AVAILABILITY = YES_AGGRESSIVE;
				CLANG_WARN_UNREACHABLE_CODE = YES;
				CLANG_WARN__DUPLICATE_METHOD_MATCH = YES;
				COPY_PHASE_STRIP = NO;
				DEBUG_INFORMATION_FORMAT = "dwarf-with-dsym";
				ENABLE_NS_ASSERTIONS = NO;
				ENABLE_STRICT_OBJC_MSGSEND = YES;
				GCC_C_LANGUAGE_STANDARD = gnu11;
				GCC_NO_COMMON_BLOCKS = YES;
				GCC_WARN_64_TO_32_BIT_CONVERSION = YES;
				GCC_WARN_ABOUT_RETURN_TYPE = YES_ERROR;
				GCC_WARN_UNDECLARED_SELECTOR = YES;
				GCC_WARN_UNINITIALIZED_AUTOS = YES_AGGRESSIVE;
				GCC_WARN_UNUSED_FUNCTION = YES;
				GCC_WARN_UNUSED_VARIABLE = YES;
				IPHONEOS_DEPLOYMENT_TARGET = 15.2;
				MTL_ENABLE_DEBUG_INFO = NO;
				MTL_FAST_MATH = YES;
				SDKROOT = iphoneos;
				SWIFT_COMPILATION_MODE = wholemodule;
				SWIFT_OPTIMIZATION_LEVEL = "-O";
				VALIDATE_PRODUCT = YES;
			};
			name = Release;
		};
		EEEEA04C2817EE5F00E2808A /* Debug */ = {
			isa = XCBuildConfiguration;
			baseConfigurationReference = 6A141D90A907573299EBEA1E /* Pods-MBoxDemo1.debug.xcconfig */;
			buildSettings = {
				ASSETCATALOG_COMPILER_APPICON_NAME = AppIcon;
				ASSETCATALOG_COMPILER_GLOBAL_ACCENT_COLOR_NAME = AccentColor;
				CODE_SIGN_STYLE = Automatic;
				CURRENT_PROJECT_VERSION = 1;
				DEVELOPMENT_TEAM = 39Q7UDG7M7;
				GENERATE_INFOPLIST_FILE = YES;
				INFOPLIST_FILE = MBoxDemo1/Info.plist;
				INFOPLIST_KEY_UIApplicationSupportsIndirectInputEvents = YES;
				INFOPLIST_KEY_UILaunchStoryboardName = LaunchScreen;
				INFOPLIST_KEY_UIMainStoryboardFile = Main;
				INFOPLIST_KEY_UISupportedInterfaceOrientations_iPad = "UIInterfaceOrientationPortrait UIInterfaceOrientationPortraitUpsideDown UIInterfaceOrientationLandscapeLeft UIInterfaceOrientationLandscapeRight";
				INFOPLIST_KEY_UISupportedInterfaceOrientations_iPhone = "UIInterfaceOrientationPortrait UIInterfaceOrientationLandscapeLeft UIInterfaceOrientationLandscapeRight";
				LD_RUNPATH_SEARCH_PATHS = (
					"$(inherited)",
					"@executable_path/Frameworks",
				);
				MARKETING_VERSION = 1.0;
				PRODUCT_BUNDLE_IDENTIFIER = com.jensen.MBoxDemo1;
				PRODUCT_NAME = "$(TARGET_NAME)";
				SWIFT_EMIT_LOC_STRINGS = YES;
				SWIFT_VERSION = 5.0;
				TARGETED_DEVICE_FAMILY = "1,2";
			};
			name = Debug;
		};
		EEEEA04D2817EE5F00E2808A /* Release */ = {
			isa = XCBuildConfiguration;
			baseConfigurationReference = D9B7E503FBA18C3AC4D505A0 /* Pods-MBoxDemo1.release.xcconfig */;
			buildSettings = {
				ASSETCATALOG_COMPILER_APPICON_NAME = AppIcon;
				ASSETCATALOG_COMPILER_GLOBAL_ACCENT_COLOR_NAME = AccentColor;
				CODE_SIGN_STYLE = Automatic;
				CURRENT_PROJECT_VERSION = 1;
				DEVELOPMENT_TEAM = 39Q7UDG7M7;
				GENERATE_INFOPLIST_FILE = YES;
				INFOPLIST_FILE = MBoxDemo1/Info.plist;
				INFOPLIST_KEY_UIApplicationSupportsIndirectInputEvents = YES;
				INFOPLIST_KEY_UILaunchStoryboardName = LaunchScreen;
				INFOPLIST_KEY_UIMainStoryboardFile = Main;
				INFOPLIST_KEY_UISupportedInterfaceOrientations_iPad = "UIInterfaceOrientationPortrait UIInterfaceOrientationPortraitUpsideDown UIInterfaceOrientationLandscapeLeft UIInterfaceOrientationLandscapeRight";
				INFOPLIST_KEY_UISupportedInterfaceOrientations_iPhone = "UIInterfaceOrientationPortrait UIInterfaceOrientationLandscapeLeft UIInterfaceOrientationLandscapeRight";
				LD_RUNPATH_SEARCH_PATHS = (
					"$(inherited)",
					"@executable_path/Frameworks",
				);
				MARKETING_VERSION = 1.0;
				PRODUCT_BUNDLE_IDENTIFIER = com.jensen.MBoxDemo1;
				PRODUCT_NAME = "$(TARGET_NAME)";
				SWIFT_EMIT_LOC_STRINGS = YES;
				SWIFT_VERSION = 5.0;
				TARGETED_DEVICE_FAMILY = "1,2";
			};
			name = Release;
		};
/* End XCBuildConfiguration section */

/* Begin XCConfigurationList section */
		EEEEA0322817EE5D00E2808A /* Build configuration list for PBXProject "MBoxDemo1" */ = {
			isa = XCConfigurationList;
			buildConfigurations = (
				EEEEA0492817EE5F00E2808A /* Debug */,
				EEEEA04A2817EE5F00E2808A /* Release */,
			);
			defaultConfigurationIsVisible = 0;
			defaultConfigurationName = Release;
		};
		EEEEA04B2817EE5F00E2808A /* Build configuration list for PBXNativeTarget "MBoxDemo1" */ = {
			isa = XCConfigurationList;
			buildConfigurations = (
				EEEEA04C2817EE5F00E2808A /* Debug */,
				EEEEA04D2817EE5F00E2808A /* Release */,
			);
			defaultConfigurationIsVisible = 0;
			defaultConfigurationName = Release;
		};
/* End XCConfigurationList section */
	};
	rootObject = EEEEA02F2817EE5D00E2808A /* Project object */;
}
